schema: '2.0'
stages:
  preprocess:
    cmd: python preprocess_dataset.py
    deps:
    - path: preprocess_dataset.py
      hash: md5
      md5: 86e49fc7f43f10f13b4ae5c0d3b7b163
      size: 3501
    - path: raw_dataset/weather.csv
      hash: md5
      md5: e03a3661f6d56f6e8c1b686df6aac720
      size: 2300930
    - path: utils_and_constants.py
      hash: md5
      md5: aa6fcc642dfd94e128daf54ae9ee7fe5
      size: 405
    outs:
    - path: processed_dataset/weather.csv
      hash: md5
      md5: 5a799ba072f8399633fbd5b922d7c499
      size: 10526986
  train:
    cmd: python train.py
    deps:
    - path: metrics_and_plots.py
      hash: md5
      md5: 1c8ef03d5eb178684adf83e06f91951a
      size: 1017
    - path: model.py
      hash: md5
      md5: a4c4ee426d0100086efd404159702b78
      size: 1008
    - path: processed_dataset/weather.csv
      hash: md5
      md5: 5a799ba072f8399633fbd5b922d7c499
      size: 10526986
    - path: train.py
      hash: md5
      md5: fa14700d413dd314ba37c5dad92d52ff
      size: 1032
    - path: utils_and_constants.py
      hash: md5
      md5: aa6fcc642dfd94e128daf54ae9ee7fe5
      size: 405
    outs:
    - path: metrics.json
      hash: md5
      md5: ec916b9800512aebcd3824504c316d48
      size: 77
    - path: predictions.csv
      hash: md5
      md5: b9c8698025c7c9ac7be5d33faf56624b
      size: 31278
