schema: '2.0'
stages:
  preprocess:
    cmd: python preprocess_dataset.py
    deps:
    - path: preprocess_dataset.py
      hash: md5
      md5: 86e49fc7f43f10f13b4ae5c0d3b7b163
      size: 3501
    - path: raw_dataset/weather.csv
      hash: md5
      md5: e03a3661f6d56f6e8c1b686df6aac720
      size: 2300930
    - path: utils_and_constants.py
      hash: md5
      md5: aa6fcc642dfd94e128daf54ae9ee7fe5
      size: 405
    outs:
    - path: processed_dataset/weather.csv
      hash: md5
      md5: 5a799ba072f8399633fbd5b922d7c499
      size: 10526986
  train:
    cmd: python train.py
    deps:
    - path: metrics_and_plots.py
      hash: md5
      md5: 1c8ef03d5eb178684adf83e06f91951a
      size: 1017
    - path: model.py
      hash: md5
      md5: 7d534c84c7b45d14af39f0718d8eb6b9
      size: 1009
    - path: processed_dataset/weather.csv
      hash: md5
      md5: 5a799ba072f8399633fbd5b922d7c499
      size: 10526986
    - path: train.py
      hash: md5
      md5: fa14700d413dd314ba37c5dad92d52ff
      size: 1032
    - path: utils_and_constants.py
      hash: md5
      md5: aa6fcc642dfd94e128daf54ae9ee7fe5
      size: 405
    outs:
    - path: metrics.json
      hash: md5
      md5: 2f7fc891e3cd5c953b50c25da5c0d901
      size: 78
    - path: predictions.csv
      hash: md5
      md5: 9b860fd54fdb8c620cc7060d5de24741
      size: 31278
