schema: '2.0'
stages:
  preprocess:
    cmd: python preprocess_dataset.py
    deps:
    - path: preprocess_dataset.py
      hash: md5
      md5: 86e49fc7f43f10f13b4ae5c0d3b7b163
      size: 3501
    - path: raw_dataset/weather.csv
      hash: md5
      md5: e03a3661f6d56f6e8c1b686df6aac720
      size: 2300930
    - path: utils_and_constants.py
      hash: md5
      md5: aa6fcc642dfd94e128daf54ae9ee7fe5
      size: 405
    outs:
    - path: processed_dataset/weather.csv
      hash: md5
      md5: 5a799ba072f8399633fbd5b922d7c499
      size: 10526986
  train:
    cmd: python train.py
    deps:
    - path: metrics_and_plots.py
      hash: md5
      md5: 46e8413f189699bf1e66b01e0a9ffa8a
      size: 392
    - path: model.py
      hash: md5
      md5: eae44898f54f80784eca2720bcce8d94
      size: 926
    - path: processed_dataset/weather.csv
      hash: md5
      md5: 5a799ba072f8399633fbd5b922d7c499
      size: 10526986
    - path: train.py
      hash: md5
      md5: 938cc2833d7eef6e3cb2910aae895597
      size: 969
    - path: utils_and_constants.py
      hash: md5
      md5: aa6fcc642dfd94e128daf54ae9ee7fe5
      size: 405
    outs:
    - path: confusion_matrix.png
      hash: md5
      md5: 5c9810b71c03c368a4faebcea296990b
      size: 15390
    - path: metrics.json
      hash: md5
      md5: 151740441a713a9a1fb2739b5a76e4af
      size: 76
